// !$*UTF8*$!
{
	archiveVersion = 1;
	classes = {
	};
	objectVersion = 56;
	objects = {

/* Begin PBXBuildFile section */
		1F43EE102E06C9A000D00794 /* EasyMapApp.swift in Sources */ = {isa = PBXBuildFile; fileRef = 1F43EE0F2E06C9A000D00794 /* EasyMapApp.swift */; };
		1F43EE122E06C9A000D00794 /* ContentView.swift in Sources */ = {isa = PBXBuildFile; fileRef = 1F43EE112E06C9A000D00794 /* ContentView.swift */; };
		1F43EE142E06C9A300D00794 /* Assets.xcassets in Resources */ = {isa = PBXBuildFile; fileRef = 1F43EE132E06C9A300D00794 /* Assets.xcassets */; };
		1F43EE172E06C9A300D00794 /* Preview Assets.xcassets in Resources */ = {isa = PBXBuildFile; fileRef = 1F43EE162E06C9A300D00794 /* Preview Assets.xcassets */; };
		1F43EE212E06C9A300D00794 /* EasyMapTests.swift in Sources */ = {isa = PBXBuildFile; fileRef = 1F43EE202E06C9A300D00794 /* EasyMapTests.swift */; };
		1F43EE2B2E06C9A300D00794 /* EasyMapUITests.swift in Sources */ = {isa = PBXBuildFile; fileRef = 1F43EE2A2E06C9A300D00794 /* EasyMapUITests.swift */; };
		1F43EE2D2E06C9A300D00794 /* EasyMapUITestsLaunchTests.swift in Sources */ = {isa = PBXBuildFile; fileRef = 1F43EE2C2E06C9A300D00794 /* EasyMapUITestsLaunchTests.swift */; };
		1F43EE3A2E06CA0C00D00794 /* CampusMapView.swift in Sources */ = {isa = PBXBuildFile; fileRef = 1F43EE392E06CA0C00D00794 /* CampusMapView.swift */; };
		1F803B582E0AFA4300415689 /* AnnuncioStore.swift in Sources */ = {isa = PBXBuildFile; fileRef = 1F803B572E0AFA4300415689 /* AnnuncioStore.swift */; };
		1FAE63962E1FF2250057A03E /* MensaPDFView.swift in Sources */ = {isa = PBXBuildFile; fileRef = 1FAE63952E1FF2210057A03E /* MensaPDFView.swift */; };
		1FAE63982E1FF23A0057A03E /* PDFKitView.swift in Sources */ = {isa = PBXBuildFile; fileRef = 1FAE63972E1FF2350057A03E /* PDFKitView.swift */; };
		1FAE639A2E1FF25A0057A03E /* PDFViewerView.swift in Sources */ = {isa = PBXBuildFile; fileRef = 1FAE63992E1FF24F0057A03E /* PDFViewerView.swift */; };
		1FB352252E1826C400A581EA /* MissionView.swift in Sources */ = {isa = PBXBuildFile; fileRef = 1FB352242E1826BD00A581EA /* MissionView.swift */; };
		1FCB506A2E0DBF4B0024E5B2 /* Models.swift in Sources */ = {isa = PBXBuildFile; fileRef = 1FCB50692E0DBF450024E5B2 /* Models.swift */; };
		1FCB506D2E0DD7A30024E5B2 /* FloorPlanView.swift in Sources */ = {isa = PBXBuildFile; fileRef = 1FCB506C2E0DD7A30024E5B2 /* FloorPlanView.swift */; };
		1FE656EB2E168EA2004C7BDD /* FloorPlanManager.swift in Sources */ = {isa = PBXBuildFile; fileRef = 1FE656EA2E168E8F004C7BDD /* FloorPlanManager.swift */; };
		9939DFB12E1BD7620016624E /* SearchView.swift in Sources */ = {isa = PBXBuildFile; fileRef = 9939DFB02E1BD7610016624E /* SearchView.swift */; };
		99CE50FC2E0B027600A4819B /* NuovoAnnuncioView.swift in Sources */ = {isa = PBXBuildFile; fileRef = 99CE50FB2E0B027600A4819B /* NuovoAnnuncioView.swift */; };
		99CE50FE2E0B02A100A4819B /* BachecaTikTokView.swift in Sources */ = {isa = PBXBuildFile; fileRef = 99CE50FD2E0B02A100A4819B /* BachecaTikTokView.swift */; };
		ED2CE4462E09E5AB00A62C8E /* ListaAule.swift in Sources */ = {isa = PBXBuildFile; fileRef = ED2CE4452E09E5AB00A62C8E /* ListaAule.swift */; };
		ED50316F2E10340C0080CA8D /* AuthManager.swift in Sources */ = {isa = PBXBuildFile; fileRef = ED50316E2E10340C0080CA8D /* AuthManager.swift */; };
		ED7A0ED32E1BC3E800951658 /* AnnuncioCardProfiloView.swift in Sources */ = {isa = PBXBuildFile; fileRef = ED7A0ED22E1BC3E800951658 /* AnnuncioCardProfiloView.swift */; };
		ED7C0E382E0D8E900049F3D2 /* LoginRegistrazione.swift in Sources */ = {isa = PBXBuildFile; fileRef = ED7C0E372E0D8E900049F3D2 /* LoginRegistrazione.swift */; };
		ED7C0E3A2E0D8EE10049F3D2 /* Profilo.swift in Sources */ = {isa = PBXBuildFile; fileRef = ED7C0E392E0D8EE10049F3D2 /* Profilo.swift */; };
		ED7C0E3C2E0D8F030049F3D2 /* Sessione.swift in Sources */ = {isa = PBXBuildFile; fileRef = ED7C0E3B2E0D8F030049F3D2 /* Sessione.swift */; };
/* End PBXBuildFile section */

/* Begin PBXContainerItemProxy section */
		1F43EE1D2E06C9A300D00794 /* PBXContainerItemProxy */ = {
			isa = PBXContainerItemProxy;
			containerPortal = 1F43EE042E06C9A000D00794 /* Project object */;
			proxyType = 1;
			remoteGlobalIDString = 1F43EE0B2E06C9A000D00794;
			remoteInfo = EasyMap;
		};
		1F43EE272E06C9A300D00794 /* PBXContainerItemProxy */ = {
			isa = PBXContainerItemProxy;
			containerPortal = 1F43EE042E06C9A000D00794 /* Project object */;
			proxyType = 1;
			remoteGlobalIDString = 1F43EE0B2E06C9A000D00794;
			remoteInfo = EasyMap;
		};
/* End PBXContainerItemProxy section */

/* Begin PBXFileReference section */
		1F43EE0C2E06C9A000D00794 /* EasyMap.app */ = {isa = PBXFileReference; explicitFileType = wrapper.application; includeInIndex = 0; path = EasyMap.app; sourceTree = BUILT_PRODUCTS_DIR; };
		1F43EE0F2E06C9A000D00794 /* EasyMapApp.swift */ = {isa = PBXFileReference; lastKnownFileType = sourcecode.swift; path = EasyMapApp.swift; sourceTree = "<group>"; };
		1F43EE112E06C9A000D00794 /* ContentView.swift */ = {isa = PBXFileReference; lastKnownFileType = sourcecode.swift; path = ContentView.swift; sourceTree = "<group>"; };
		1F43EE132E06C9A300D00794 /* Assets.xcassets */ = {isa = PBXFileReference; lastKnownFileType = folder.assetcatalog; path = Assets.xcassets; sourceTree = "<group>"; };
		1F43EE162E06C9A300D00794 /* Preview Assets.xcassets */ = {isa = PBXFileReference; lastKnownFileType = folder.assetcatalog; path = "Preview Assets.xcassets"; sourceTree = "<group>"; };
		1F43EE1C2E06C9A300D00794 /* EasyMapTests.xctest */ = {isa = PBXFileReference; explicitFileType = wrapper.cfbundle; includeInIndex = 0; path = EasyMapTests.xctest; sourceTree = BUILT_PRODUCTS_DIR; };
		1F43EE202E06C9A300D00794 /* EasyMapTests.swift */ = {isa = PBXFileReference; lastKnownFileType = sourcecode.swift; path = EasyMapTests.swift; sourceTree = "<group>"; };
		1F43EE262E06C9A300D00794 /* EasyMapUITests.xctest */ = {isa = PBXFileReference; explicitFileType = wrapper.cfbundle; includeInIndex = 0; path = EasyMapUITests.xctest; sourceTree = BUILT_PRODUCTS_DIR; };
		1F43EE2A2E06C9A300D00794 /* EasyMapUITests.swift */ = {isa = PBXFileReference; lastKnownFileType = sourcecode.swift; path = EasyMapUITests.swift; sourceTree = "<group>"; };
		1F43EE2C2E06C9A300D00794 /* EasyMapUITestsLaunchTests.swift */ = {isa = PBXFileReference; lastKnownFileType = sourcecode.swift; path = EasyMapUITestsLaunchTests.swift; sourceTree = "<group>"; };
		1F43EE392E06CA0C00D00794 /* CampusMapView.swift */ = {isa = PBXFileReference; lastKnownFileType = sourcecode.swift; path = CampusMapView.swift; sourceTree = "<group>"; };
		1F803B572E0AFA4300415689 /* AnnuncioStore.swift */ = {isa = PBXFileReference; lastKnownFileType = sourcecode.swift; path = AnnuncioStore.swift; sourceTree = "<group>"; };
		1FAE63952E1FF2210057A03E /* MensaPDFView.swift */ = {isa = PBXFileReference; lastKnownFileType = sourcecode.swift; path = MensaPDFView.swift; sourceTree = "<group>"; };
		1FAE63972E1FF2350057A03E /* PDFKitView.swift */ = {isa = PBXFileReference; lastKnownFileType = sourcecode.swift; path = PDFKitView.swift; sourceTree = "<group>"; };
		1FAE63992E1FF24F0057A03E /* PDFViewerView.swift */ = {isa = PBXFileReference; lastKnownFileType = sourcecode.swift; path = PDFViewerView.swift; sourceTree = "<group>"; };
		1FB352242E1826BD00A581EA /* MissionView.swift */ = {isa = PBXFileReference; lastKnownFileType = sourcecode.swift; path = MissionView.swift; sourceTree = "<group>"; };
		1FCB50692E0DBF450024E5B2 /* Models.swift */ = {isa = PBXFileReference; lastKnownFileType = sourcecode.swift; path = Models.swift; sourceTree = "<group>"; };
		1FCB506C2E0DD7A30024E5B2 /* FloorPlanView.swift */ = {isa = PBXFileReference; lastKnownFileType = sourcecode.swift; path = FloorPlanView.swift; sourceTree = "<group>"; };
		1FE656EA2E168E8F004C7BDD /* FloorPlanManager.swift */ = {isa = PBXFileReference; lastKnownFileType = sourcecode.swift; path = FloorPlanManager.swift; sourceTree = "<group>"; };
		9939DFB02E1BD7610016624E /* SearchView.swift */ = {isa = PBXFileReference; lastKnownFileType = sourcecode.swift; path = SearchView.swift; sourceTree = "<group>"; };
		99CE50FB2E0B027600A4819B /* NuovoAnnuncioView.swift */ = {isa = PBXFileReference; lastKnownFileType = sourcecode.swift; path = NuovoAnnuncioView.swift; sourceTree = "<group>"; };
		99CE50FD2E0B02A100A4819B /* BachecaTikTokView.swift */ = {isa = PBXFileReference; lastKnownFileType = sourcecode.swift; path = BachecaTikTokView.swift; sourceTree = "<group>"; };
		ED2CE4452E09E5AB00A62C8E /* ListaAule.swift */ = {isa = PBXFileReference; lastKnownFileType = sourcecode.swift; path = ListaAule.swift; sourceTree = "<group>"; };
		ED50316E2E10340C0080CA8D /* AuthManager.swift */ = {isa = PBXFileReference; lastKnownFileType = sourcecode.swift; path = AuthManager.swift; sourceTree = "<group>"; };
		ED7A0ED22E1BC3E800951658 /* AnnuncioCardProfiloView.swift */ = {isa = PBXFileReference; lastKnownFileType = sourcecode.swift; path = AnnuncioCardProfiloView.swift; sourceTree = "<group>"; };
		ED7C0E372E0D8E900049F3D2 /* LoginRegistrazione.swift */ = {isa = PBXFileReference; lastKnownFileType = sourcecode.swift; path = LoginRegistrazione.swift; sourceTree = "<group>"; };
		ED7C0E392E0D8EE10049F3D2 /* Profilo.swift */ = {isa = PBXFileReference; lastKnownFileType = sourcecode.swift; path = Profilo.swift; sourceTree = "<group>"; };
		ED7C0E3B2E0D8F030049F3D2 /* Sessione.swift */ = {isa = PBXFileReference; lastKnownFileType = sourcecode.swift; path = Sessione.swift; sourceTree = "<group>"; };
		ED98B4662E09846C0024E3D2 /* Info.plist */ = {isa = PBXFileReference; lastKnownFileType = text.plist; path = Info.plist; sourceTree = "<group>"; };
/* End PBXFileReference section */

/* Begin PBXFrameworksBuildPhase section */
		1F43EE092E06C9A000D00794 /* Frameworks */ = {
			isa = PBXFrameworksBuildPhase;
			buildActionMask = 2147483647;
			files = (
			);
			runOnlyForDeploymentPostprocessing = 0;
		};
		1F43EE192E06C9A300D00794 /* Frameworks */ = {
			isa = PBXFrameworksBuildPhase;
			buildActionMask = 2147483647;
			files = (
			);
			runOnlyForDeploymentPostprocessing = 0;
		};
		1F43EE232E06C9A300D00794 /* Frameworks */ = {
			isa = PBXFrameworksBuildPhase;
			buildActionMask = 2147483647;
			files = (
			);
			runOnlyForDeploymentPostprocessing = 0;
		};
/* End PBXFrameworksBuildPhase section */

/* Begin PBXGroup section */
		1F43EE032E06C9A000D00794 = {
			isa = PBXGroup;
			children = (
				1F43EE0E2E06C9A000D00794 /* EasyMap */,
				1F43EE1F2E06C9A300D00794 /* EasyMapTests */,
				1F43EE292E06C9A300D00794 /* EasyMapUITests */,
				1F43EE0D2E06C9A000D00794 /* Products */,
			);
			sourceTree = "<group>";
		};
		1F43EE0D2E06C9A000D00794 /* Products */ = {
			isa = PBXGroup;
			children = (
				1F43EE0C2E06C9A000D00794 /* EasyMap.app */,
				1F43EE1C2E06C9A300D00794 /* EasyMapTests.xctest */,
				1F43EE262E06C9A300D00794 /* EasyMapUITests.xctest */,
			);
			name = Products;
			sourceTree = "<group>";
		};
		1F43EE0E2E06C9A000D00794 /* EasyMap */ = {
			isa = PBXGroup;
			children = (
				1FAE63992E1FF24F0057A03E /* PDFViewerView.swift */,
				1FAE63972E1FF2350057A03E /* PDFKitView.swift */,
				1FAE63952E1FF2210057A03E /* MensaPDFView.swift */,
				ED7A0ED22E1BC3E800951658 /* AnnuncioCardProfiloView.swift */,
				1FB352242E1826BD00A581EA /* MissionView.swift */,
				1FE656EA2E168E8F004C7BDD /* FloorPlanManager.swift */,
				9939DFB02E1BD7610016624E /* SearchView.swift */,
				1FCB506C2E0DD7A30024E5B2 /* FloorPlanView.swift */,
				ED98B4662E09846C0024E3D2 /* Info.plist */,
				1FCB50692E0DBF450024E5B2 /* Models.swift */,
				1F43EE0F2E06C9A000D00794 /* EasyMapApp.swift */,
				1F803B572E0AFA4300415689 /* AnnuncioStore.swift */,
				1F43EE112E06C9A000D00794 /* ContentView.swift */,
				1F43EE392E06CA0C00D00794 /* CampusMapView.swift */,
				1F43EE132E06C9A300D00794 /* Assets.xcassets */,
				ED2CE4452E09E5AB00A62C8E /* ListaAule.swift */,
				99CE50FB2E0B027600A4819B /* NuovoAnnuncioView.swift */,
				99CE50FD2E0B02A100A4819B /* BachecaTikTokView.swift */,
				ED7C0E372E0D8E900049F3D2 /* LoginRegistrazione.swift */,
				ED50316E2E10340C0080CA8D /* AuthManager.swift */,
				ED7C0E392E0D8EE10049F3D2 /* Profilo.swift */,
				ED7C0E3B2E0D8F030049F3D2 /* Sessione.swift */,
				1F43EE152E06C9A300D00794 /* Preview Content */,
			);
			path = EasyMap;
			sourceTree = "<group>";
		};
		1F43EE152E06C9A300D00794 /* Preview Content */ = {
			isa = PBXGroup;
			children = (
				1F43EE162E06C9A300D00794 /* Preview Assets.xcassets */,
			);
			path = "Preview Content";
			sourceTree = "<group>";
		};
		1F43EE1F2E06C9A300D00794 /* EasyMapTests */ = {
			isa = PBXGroup;
			children = (
				1F43EE202E06C9A300D00794 /* EasyMapTests.swift */,
			);
			path = EasyMapTests;
			sourceTree = "<group>";
		};
		1F43EE292E06C9A300D00794 /* EasyMapUITests */ = {
			isa = PBXGroup;
			children = (
				1F43EE2A2E06C9A300D00794 /* EasyMapUITests.swift */,
				1F43EE2C2E06C9A300D00794 /* EasyMapUITestsLaunchTests.swift */,
			);
			path = EasyMapUITests;
			sourceTree = "<group>";
		};
/* End PBXGroup section */

/* Begin PBXNativeTarget section */
		1F43EE0B2E06C9A000D00794 /* EasyMap */ = {
			isa = PBXNativeTarget;
			buildConfigurationList = 1F43EE302E06C9A300D00794 /* Build configuration list for PBXNativeTarget "EasyMap" */;
			buildPhases = (
				1F43EE082E06C9A000D00794 /* Sources */,
				1F43EE092E06C9A000D00794 /* Frameworks */,
				1F43EE0A2E06C9A000D00794 /* Resources */,
			);
			buildRules = (
			);
			dependencies = (
			);
			name = EasyMap;
			productName = EasyMap;
			productReference = 1F43EE0C2E06C9A000D00794 /* EasyMap.app */;
			productType = "com.apple.product-type.application";
		};
		1F43EE1B2E06C9A300D00794 /* EasyMapTests */ = {
			isa = PBXNativeTarget;
			buildConfigurationList = 1F43EE332E06C9A300D00794 /* Build configuration list for PBXNativeTarget "EasyMapTests" */;
			buildPhases = (
				1F43EE182E06C9A300D00794 /* Sources */,
				1F43EE192E06C9A300D00794 /* Frameworks */,
				1F43EE1A2E06C9A300D00794 /* Resources */,
			);
			buildRules = (
			);
			dependencies = (
				1F43EE1E2E06C9A300D00794 /* PBXTargetDependency */,
			);
			name = EasyMapTests;
			productName = EasyMapTests;
			productReference = 1F43EE1C2E06C9A300D00794 /* EasyMapTests.xctest */;
			productType = "com.apple.product-type.bundle.unit-test";
		};
		1F43EE252E06C9A300D00794 /* EasyMapUITests */ = {
			isa = PBXNativeTarget;
			buildConfigurationList = 1F43EE362E06C9A300D00794 /* Build configuration list for PBXNativeTarget "EasyMapUITests" */;
			buildPhases = (
				1F43EE222E06C9A300D00794 /* Sources */,
				1F43EE232E06C9A300D00794 /* Frameworks */,
				1F43EE242E06C9A300D00794 /* Resources */,
			);
			buildRules = (
			);
			dependencies = (
				1F43EE282E06C9A300D00794 /* PBXTargetDependency */,
			);
			name = EasyMapUITests;
			productName = EasyMapUITests;
			productReference = 1F43EE262E06C9A300D00794 /* EasyMapUITests.xctest */;
			productType = "com.apple.product-type.bundle.ui-testing";
		};
/* End PBXNativeTarget section */

/* Begin PBXProject section */
		1F43EE042E06C9A000D00794 /* Project object */ = {
			isa = PBXProject;
			attributes = {
				BuildIndependentTargetsInParallel = 1;
				LastSwiftUpdateCheck = 1540;
				LastUpgradeCheck = 1540;
				TargetAttributes = {
					1F43EE0B2E06C9A000D00794 = {
						CreatedOnToolsVersion = 15.4;
					};
					1F43EE1B2E06C9A300D00794 = {
						CreatedOnToolsVersion = 15.4;
						TestTargetID = 1F43EE0B2E06C9A000D00794;
					};
					1F43EE252E06C9A300D00794 = {
						CreatedOnToolsVersion = 15.4;
						TestTargetID = 1F43EE0B2E06C9A000D00794;
					};
				};
			};
			buildConfigurationList = 1F43EE072E06C9A000D00794 /* Build configuration list for PBXProject "EasyMap" */;
			compatibilityVersion = "Xcode 14.0";
			developmentRegion = en;
			hasScannedForEncodings = 0;
			knownRegions = (
				en,
				Base,
			);
			mainGroup = 1F43EE032E06C9A000D00794;
			productRefGroup = 1F43EE0D2E06C9A000D00794 /* Products */;
			projectDirPath = "";
			projectRoot = "";
			targets = (
				1F43EE0B2E06C9A000D00794 /* EasyMap */,
				1F43EE1B2E06C9A300D00794 /* EasyMapTests */,
				1F43EE252E06C9A300D00794 /* EasyMapUITests */,
			);
		};
/* End PBXProject section */

/* Begin PBXResourcesBuildPhase section */
		1F43EE0A2E06C9A000D00794 /* Resources */ = {
			isa = PBXResourcesBuildPhase;
			buildActionMask = 2147483647;
			files = (
				1F43EE172E06C9A300D00794 /* Preview Assets.xcassets in Resources */,
				1F43EE142E06C9A300D00794 /* Assets.xcassets in Resources */,
			);
			runOnlyForDeploymentPostprocessing = 0;
		};
		1F43EE1A2E06C9A300D00794 /* Resources */ = {
			isa = PBXResourcesBuildPhase;
			buildActionMask = 2147483647;
			files = (
			);
			runOnlyForDeploymentPostprocessing = 0;
		};
		1F43EE242E06C9A300D00794 /* Resources */ = {
			isa = PBXResourcesBuildPhase;
			buildActionMask = 2147483647;
			files = (
			);
			runOnlyForDeploymentPostprocessing = 0;
		};
/* End PBXResourcesBuildPhase section */

/* Begin PBXSourcesBuildPhase section */
		1F43EE082E06C9A000D00794 /* Sources */ = {
			isa = PBXSourcesBuildPhase;
			buildActionMask = 2147483647;
			files = (
				1FCB506A2E0DBF4B0024E5B2 /* Models.swift in Sources */,
				1FAE639A2E1FF25A0057A03E /* PDFViewerView.swift in Sources */,
				1F43EE122E06C9A000D00794 /* ContentView.swift in Sources */,
				99CE50FC2E0B027600A4819B /* NuovoAnnuncioView.swift in Sources */,
				ED7A0ED32E1BC3E800951658 /* AnnuncioCardProfiloView.swift in Sources */,
				ED50316F2E10340C0080CA8D /* AuthManager.swift in Sources */,
				ED7C0E3C2E0D8F030049F3D2 /* Sessione.swift in Sources */,
				9939DFB12E1BD7620016624E /* SearchView.swift in Sources */,
				ED7C0E382E0D8E900049F3D2 /* LoginRegistrazione.swift in Sources */,
				1F43EE102E06C9A000D00794 /* EasyMapApp.swift in Sources */,
				1FAE63982E1FF23A0057A03E /* PDFKitView.swift in Sources */,
				1F803B582E0AFA4300415689 /* AnnuncioStore.swift in Sources */,
				ED2CE4462E09E5AB00A62C8E /* ListaAule.swift in Sources */,
				1F43EE3A2E06CA0C00D00794 /* CampusMapView.swift in Sources */,
				1FAE63962E1FF2250057A03E /* MensaPDFView.swift in Sources */,
				ED7C0E3A2E0D8EE10049F3D2 /* Profilo.swift in Sources */,
				1FE656EB2E168EA2004C7BDD /* FloorPlanManager.swift in Sources */,
				1FCB506D2E0DD7A30024E5B2 /* FloorPlanView.swift in Sources */,
				99CE50FE2E0B02A100A4819B /* BachecaTikTokView.swift in Sources */,
				1FB352252E1826C400A581EA /* MissionView.swift in Sources */,
			);
			runOnlyForDeploymentPostprocessing = 0;
		};
		1F43EE182E06C9A300D00794 /* Sources */ = {
			isa = PBXSourcesBuildPhase;
			buildActionMask = 2147483647;
			files = (
				1F43EE212E06C9A300D00794 /* EasyMapTests.swift in Sources */,
			);
			runOnlyForDeploymentPostprocessing = 0;
		};
		1F43EE222E06C9A300D00794 /* Sources */ = {
			isa = PBXSourcesBuildPhase;
			buildActionMask = 2147483647;
			files = (
				1F43EE2B2E06C9A300D00794 /* EasyMapUITests.swift in Sources */,
				1F43EE2D2E06C9A300D00794 /* EasyMapUITestsLaunchTests.swift in Sources */,
			);
			runOnlyForDeploymentPostprocessing = 0;
		};
/* End PBXSourcesBuildPhase section */

/* Begin PBXTargetDependency section */
		1F43EE1E2E06C9A300D00794 /* PBXTargetDependency */ = {
			isa = PBXTargetDependency;
			target = 1F43EE0B2E06C9A000D00794 /* EasyMap */;
			targetProxy = 1F43EE1D2E06C9A300D00794 /* PBXContainerItemProxy */;
		};
		1F43EE282E06C9A300D00794 /* PBXTargetDependency */ = {
			isa = PBXTargetDependency;
			target = 1F43EE0B2E06C9A000D00794 /* EasyMap */;
			targetProxy = 1F43EE272E06C9A300D00794 /* PBXContainerItemProxy */;
		};
/* End PBXTargetDependency section */

/* Begin XCBuildConfiguration section */
		1F43EE2E2E06C9A300D00794 /* Debug */ = {
			isa = XCBuildConfiguration;
			buildSettings = {
				ALWAYS_SEARCH_USER_PATHS = NO;
				ASSETCATALOG_COMPILER_GENERATE_SWIFT_ASSET_SYMBOL_EXTENSIONS = YES;
				CLANG_ANALYZER_NONNULL = YES;
				CLANG_ANALYZER_NUMBER_OBJECT_CONVERSION = YES_AGGRESSIVE;
				CLANG_CXX_LANGUAGE_STANDARD = "gnu++20";
				CLANG_ENABLE_MODULES = YES;
				CLANG_ENABLE_OBJC_ARC = YES;
				CLANG_ENABLE_OBJC_WEAK = YES;
				CLANG_WARN_BLOCK_CAPTURE_AUTORELEASING = YES;
				CLANG_WARN_BOOL_CONVERSION = YES;
				CLANG_WARN_COMMA = YES;
				CLANG_WARN_CONSTANT_CONVERSION = YES;
				CLANG_WARN_DEPRECATED_OBJC_IMPLEMENTATIONS = YES;
				CLANG_WARN_DIRECT_OBJC_ISA_USAGE = YES_ERROR;
				CLANG_WARN_DOCUMENTATION_COMMENTS = YES;
				CLANG_WARN_EMPTY_BODY = YES;
				CLANG_WARN_ENUM_CONVERSION = YES;
				CLANG_WARN_INFINITE_RECURSION = YES;
				CLANG_WARN_INT_CONVERSION = YES;
				CLANG_WARN_NON_LITERAL_NULL_CONVERSION = YES;
				CLANG_WARN_OBJC_IMPLICIT_RETAIN_SELF = YES;
				CLANG_WARN_OBJC_LITERAL_CONVERSION = YES;
				CLANG_WARN_OBJC_ROOT_CLASS = YES_ERROR;
				CLANG_WARN_QUOTED_INCLUDE_IN_FRAMEWORK_HEADER = YES;
				CLANG_WARN_RANGE_LOOP_ANALYSIS = YES;
				CLANG_WARN_STRICT_PROTOTYPES = YES;
				CLANG_WARN_SUSPICIOUS_MOVE = YES;
				CLANG_WARN_UNGUARDED_AVAILABILITY = YES_AGGRESSIVE;
				CLANG_WARN_UNREACHABLE_CODE = YES;
				CLANG_WARN__DUPLICATE_METHOD_MATCH = YES;
				COPY_PHASE_STRIP = NO;
				DEBUG_INFORMATION_FORMAT = dwarf;
				ENABLE_STRICT_OBJC_MSGSEND = YES;
				ENABLE_TESTABILITY = YES;
				ENABLE_USER_SCRIPT_SANDBOXING = YES;
				GCC_C_LANGUAGE_STANDARD = gnu17;
				GCC_DYNAMIC_NO_PIC = NO;
				GCC_NO_COMMON_BLOCKS = YES;
				GCC_OPTIMIZATION_LEVEL = 0;
				GCC_PREPROCESSOR_DEFINITIONS = (
					"DEBUG=1",
					"$(inherited)",
				);
				GCC_WARN_64_TO_32_BIT_CONVERSION = YES;
				GCC_WARN_ABOUT_RETURN_TYPE = YES_ERROR;
				GCC_WARN_UNDECLARED_SELECTOR = YES;
				GCC_WARN_UNINITIALIZED_AUTOS = YES_AGGRESSIVE;
				GCC_WARN_UNUSED_FUNCTION = YES;
				GCC_WARN_UNUSED_VARIABLE = YES;
				IPHONEOS_DEPLOYMENT_TARGET = 17.5;
				LOCALIZATION_PREFERS_STRING_CATALOGS = YES;
				MTL_ENABLE_DEBUG_INFO = INCLUDE_SOURCE;
				MTL_FAST_MATH = YES;
				ONLY_ACTIVE_ARCH = YES;
				SDKROOT = iphoneos;
				SWIFT_ACTIVE_COMPILATION_CONDITIONS = "DEBUG $(inherited)";
				SWIFT_OPTIMIZATION_LEVEL = "-Onone";
			};
			name = Debug;
		};
		1F43EE2F2E06C9A300D00794 /* Release */ = {
			isa = XCBuildConfiguration;
			buildSettings = {
				ALWAYS_SEARCH_USER_PATHS = NO;
				ASSETCATALOG_COMPILER_GENERATE_SWIFT_ASSET_SYMBOL_EXTENSIONS = YES;
				CLANG_ANALYZER_NONNULL = YES;
				CLANG_ANALYZER_NUMBER_OBJECT_CONVERSION = YES_AGGRESSIVE;
				CLANG_CXX_LANGUAGE_STANDARD = "gnu++20";
				CLANG_ENABLE_MODULES = YES;
				CLANG_ENABLE_OBJC_ARC = YES;
				CLANG_ENABLE_OBJC_WEAK = YES;
				CLANG_WARN_BLOCK_CAPTURE_AUTORELEASING = YES;
				CLANG_WARN_BOOL_CONVERSION = YES;
				CLANG_WARN_COMMA = YES;
				CLANG_WARN_CONSTANT_CONVERSION = YES;
				CLANG_WARN_DEPRECATED_OBJC_IMPLEMENTATIONS = YES;
				CLANG_WARN_DIRECT_OBJC_ISA_USAGE = YES_ERROR;
				CLANG_WARN_DOCUMENTATION_COMMENTS = YES;
				CLANG_WARN_EMPTY_BODY = YES;
				CLANG_WARN_ENUM_CONVERSION = YES;
				CLANG_WARN_INFINITE_RECURSION = YES;
				CLANG_WARN_INT_CONVERSION = YES;
				CLANG_WARN_NON_LITERAL_NULL_CONVERSION = YES;
				CLANG_WARN_OBJC_IMPLICIT_RETAIN_SELF = YES;
				CLANG_WARN_OBJC_LITERAL_CONVERSION = YES;
				CLANG_WARN_OBJC_ROOT_CLASS = YES_ERROR;
				CLANG_WARN_QUOTED_INCLUDE_IN_FRAMEWORK_HEADER = YES;
				CLANG_WARN_RANGE_LOOP_ANALYSIS = YES;
				CLANG_WARN_STRICT_PROTOTYPES = YES;
				CLANG_WARN_SUSPICIOUS_MOVE = YES;
				CLANG_WARN_UNGUARDED_AVAILABILITY = YES_AGGRESSIVE;
				CLANG_WARN_UNREACHABLE_CODE = YES;
				CLANG_WARN__DUPLICATE_METHOD_MATCH = YES;
				COPY_PHASE_STRIP = NO;
				DEBUG_INFORMATION_FORMAT = "dwarf-with-dsym";
				ENABLE_NS_ASSERTIONS = NO;
				ENABLE_STRICT_OBJC_MSGSEND = YES;
				ENABLE_USER_SCRIPT_SANDBOXING = YES;
				GCC_C_LANGUAGE_STANDARD = gnu17;
				GCC_NO_COMMON_BLOCKS = YES;
				GCC_WARN_64_TO_32_BIT_CONVERSION = YES;
				GCC_WARN_ABOUT_RETURN_TYPE = YES_ERROR;
				GCC_WARN_UNDECLARED_SELECTOR = YES;
				GCC_WARN_UNINITIALIZED_AUTOS = YES_AGGRESSIVE;
				GCC_WARN_UNUSED_FUNCTION = YES;
				GCC_WARN_UNUSED_VARIABLE = YES;
				IPHONEOS_DEPLOYMENT_TARGET = 17.5;
				LOCALIZATION_PREFERS_STRING_CATALOGS = YES;
				MTL_ENABLE_DEBUG_INFO = NO;
				MTL_FAST_MATH = YES;
				SDKROOT = iphoneos;
				SWIFT_COMPILATION_MODE = wholemodule;
				VALIDATE_PRODUCT = YES;
			};
			name = Release;
		};
		1F43EE312E06C9A300D00794 /* Debug */ = {
			isa = XCBuildConfiguration;
			buildSettings = {
				ASSETCATALOG_COMPILER_APPICON_NAME = AppIcon;
				ASSETCATALOG_COMPILER_GLOBAL_ACCENT_COLOR_NAME = AccentColor;
				CODE_SIGN_STYLE = Automatic;
				CURRENT_PROJECT_VERSION = 1;
				DEVELOPMENT_ASSET_PATHS = "\"EasyMap/Preview Content\"";
				DEVELOPMENT_TEAM = KFM9VN82RF;
				ENABLE_PREVIEWS = YES;
				GENERATE_INFOPLIST_FILE = YES;
				INFOPLIST_FILE = EasyMap/Info.plist;
				INFOPLIST_KEY_LSApplicationCategoryType = "";
				INFOPLIST_KEY_NSCameraUsageDescription = "L'app ha bisogno della tua fotocamera per poter funzionare.";
				INFOPLIST_KEY_NSLocationAlwaysAndWhenInUseUsageDescription = "ho bisogno della tua posizione";
				INFOPLIST_KEY_NSLocationAlwaysUsageDescription = "L'app ha bisogno della tua posizione per mostrarti dove sei sulla mappa del campus.";
				INFOPLIST_KEY_NSLocationWhenInUseUsageDescription = "Questa app ha bisogno della tua posizione per mostrarti la mappa del campus";
				INFOPLIST_KEY_UIApplicationSceneManifest_Generation = YES;
				INFOPLIST_KEY_UILaunchScreen_Generation = YES;
				INFOPLIST_KEY_UISupportedInterfaceOrientations_iPad = "UIInterfaceOrientationPortrait UIInterfaceOrientationPortraitUpsideDown UIInterfaceOrientationLandscapeLeft UIInterfaceOrientationLandscapeRight";
				INFOPLIST_KEY_UISupportedInterfaceOrientations_iPhone = "UIInterfaceOrientationPortrait UIInterfaceOrientationLandscapeLeft UIInterfaceOrientationLandscapeRight";
				IPHONEOS_DEPLOYMENT_TARGET = 18.0;
				LD_RUNPATH_SEARCH_PATHS = (
					"$(inherited)",
					"@executable_path/Frameworks",
				);
				MARKETING_VERSION = 1.0;
				PRODUCT_BUNDLE_IDENTIFIER = it.gaetano.easymap;
				PRODUCT_NAME = "$(TARGET_NAME)";
				SWIFT_EMIT_LOC_STRINGS = YES;
				SWIFT_VERSION = 5.0;
				TARGETED_DEVICE_FAMILY = "1,2";
			};
			name = Debug;
		};
		1F43EE322E06C9A300D00794 /* Release */ = {
			isa = XCBuildConfiguration;
			buildSettings = {
				ASSETCATALOG_COMPILER_APPICON_NAME = AppIcon;
				ASSETCATALOG_COMPILER_GLOBAL_ACCENT_COLOR_NAME = AccentColor;
				CODE_SIGN_STYLE = Automatic;
				CURRENT_PROJECT_VERSION = 1;
				DEVELOPMENT_ASSET_PATHS = "\"EasyMap/Preview Content\"";
				DEVELOPMENT_TEAM = KFM9VN82RF;
				ENABLE_PREVIEWS = YES;
				GENERATE_INFOPLIST_FILE = YES;
				INFOPLIST_FILE = EasyMap/Info.plist;
				INFOPLIST_KEY_LSApplicationCategoryType = "";
				INFOPLIST_KEY_NSCameraUsageDescription = "L'app ha bisogno della tua fotocamera per poter funzionare.";
				INFOPLIST_KEY_NSLocationAlwaysAndWhenInUseUsageDescription = "ho bisogno della tua posizione";
				INFOPLIST_KEY_NSLocationAlwaysUsageDescription = "L'app ha bisogno della tua posizione per mostrarti dove sei sulla mappa del campus.";
				INFOPLIST_KEY_NSLocationWhenInUseUsageDescription = "Questa app ha bisogno della tua posizione per mostrarti la mappa del campus";
				INFOPLIST_KEY_UIApplicationSceneManifest_Generation = YES;
				INFOPLIST_KEY_UILaunchScreen_Generation = YES;
				INFOPLIST_KEY_UISupportedInterfaceOrientations_iPad = "UIInterfaceOrientationPortrait UIInterfaceOrientationPortraitUpsideDown UIInterfaceOrientationLandscapeLeft UIInterfaceOrientationLandscapeRight";
				INFOPLIST_KEY_UISupportedInterfaceOrientations_iPhone = "UIInterfaceOrientationPortrait UIInterfaceOrientationLandscapeLeft UIInterfaceOrientationLandscapeRight";
				IPHONEOS_DEPLOYMENT_TARGET = 18.0;
				LD_RUNPATH_SEARCH_PATHS = (
					"$(inherited)",
					"@executable_path/Frameworks",
				);
				MARKETING_VERSION = 1.0;
				PRODUCT_BUNDLE_IDENTIFIER = it.gaetano.easymap;
				PRODUCT_NAME = "$(TARGET_NAME)";
				SWIFT_EMIT_LOC_STRINGS = YES;
				SWIFT_VERSION = 5.0;
				TARGETED_DEVICE_FAMILY = "1,2";
			};
			name = Release;
		};
		1F43EE342E06C9A300D00794 /* Debug */ = {
			isa = XCBuildConfiguration;
			buildSettings = {
				ALWAYS_EMBED_SWIFT_STANDARD_LIBRARIES = YES;
				BUNDLE_LOADER = "$(TEST_HOST)";
				CODE_SIGN_STYLE = Automatic;
				CURRENT_PROJECT_VERSION = 1;
				GENERATE_INFOPLIST_FILE = YES;
				IPHONEOS_DEPLOYMENT_TARGET = 17.5;
				MARKETING_VERSION = 1.0;
				PRODUCT_BUNDLE_IDENTIFIER = it.gaetano.EasyMapTests;
				PRODUCT_NAME = "$(TARGET_NAME)";
				SWIFT_EMIT_LOC_STRINGS = NO;
				SWIFT_VERSION = 5.0;
				TARGETED_DEVICE_FAMILY = "1,2";
				TEST_HOST = "$(BUILT_PRODUCTS_DIR)/EasyMap.app/$(BUNDLE_EXECUTABLE_FOLDER_PATH)/EasyMap";
			};
			name = Debug;
		};
		1F43EE352E06C9A300D00794 /* Release */ = {
			isa = XCBuildConfiguration;
			buildSettings = {
				ALWAYS_EMBED_SWIFT_STANDARD_LIBRARIES = YES;
				BUNDLE_LOADER = "$(TEST_HOST)";
				CODE_SIGN_STYLE = Automatic;
				CURRENT_PROJECT_VERSION = 1;
				GENERATE_INFOPLIST_FILE = YES;
				IPHONEOS_DEPLOYMENT_TARGET = 17.5;
				MARKETING_VERSION = 1.0;
				PRODUCT_BUNDLE_IDENTIFIER = it.gaetano.EasyMapTests;
				PRODUCT_NAME = "$(TARGET_NAME)";
				SWIFT_EMIT_LOC_STRINGS = NO;
				SWIFT_VERSION = 5.0;
				TARGETED_DEVICE_FAMILY = "1,2";
				TEST_HOST = "$(BUILT_PRODUCTS_DIR)/EasyMap.app/$(BUNDLE_EXECUTABLE_FOLDER_PATH)/EasyMap";
			};
			name = Release;
		};
		1F43EE372E06C9A300D00794 /* Debug */ = {
			isa = XCBuildConfiguration;
			buildSettings = {
				ALWAYS_EMBED_SWIFT_STANDARD_LIBRARIES = YES;
				CODE_SIGN_STYLE = Automatic;
				CURRENT_PROJECT_VERSION = 1;
				GENERATE_INFOPLIST_FILE = YES;
				MARKETING_VERSION = 1.0;
				PRODUCT_BUNDLE_IDENTIFIER = it.gaetano.EasyMapUITests;
				PRODUCT_NAME = "$(TARGET_NAME)";
				SWIFT_EMIT_LOC_STRINGS = NO;
				SWIFT_VERSION = 5.0;
				TARGETED_DEVICE_FAMILY = "1,2";
				TEST_TARGET_NAME = EasyMap;
			};
			name = Debug;
		};
		1F43EE382E06C9A300D00794 /* Release */ = {
			isa = XCBuildConfiguration;
			buildSettings = {
				ALWAYS_EMBED_SWIFT_STANDARD_LIBRARIES = YES;
				CODE_SIGN_STYLE = Automatic;
				CURRENT_PROJECT_VERSION = 1;
				GENERATE_INFOPLIST_FILE = YES;
				MARKETING_VERSION = 1.0;
				PRODUCT_BUNDLE_IDENTIFIER = it.gaetano.EasyMapUITests;
				PRODUCT_NAME = "$(TARGET_NAME)";
				SWIFT_EMIT_LOC_STRINGS = NO;
				SWIFT_VERSION = 5.0;
				TARGETED_DEVICE_FAMILY = "1,2";
				TEST_TARGET_NAME = EasyMap;
			};
			name = Release;
		};
/* End XCBuildConfiguration section */

/* Begin XCConfigurationList section */
		1F43EE072E06C9A000D00794 /* Build configuration list for PBXProject "EasyMap" */ = {
			isa = XCConfigurationList;
			buildConfigurations = (
				1F43EE2E2E06C9A300D00794 /* Debug */,
				1F43EE2F2E06C9A300D00794 /* Release */,
			);
			defaultConfigurationIsVisible = 0;
			defaultConfigurationName = Release;
		};
		1F43EE302E06C9A300D00794 /* Build configuration list for PBXNativeTarget "EasyMap" */ = {
			isa = XCConfigurationList;
			buildConfigurations = (
				1F43EE312E06C9A300D00794 /* Debug */,
				1F43EE322E06C9A300D00794 /* Release */,
			);
			defaultConfigurationIsVisible = 0;
			defaultConfigurationName = Release;
		};
		1F43EE332E06C9A300D00794 /* Build configuration list for PBXNativeTarget "EasyMapTests" */ = {
			isa = XCConfigurationList;
			buildConfigurations = (
				1F43EE342E06C9A300D00794 /* Debug */,
				1F43EE352E06C9A300D00794 /* Release */,
			);
			defaultConfigurationIsVisible = 0;
			defaultConfigurationName = Release;
		};
		1F43EE362E06C9A300D00794 /* Build configuration list for PBXNativeTarget "EasyMapUITests" */ = {
			isa = XCConfigurationList;
			buildConfigurations = (
				1F43EE372E06C9A300D00794 /* Debug */,
				1F43EE382E06C9A300D00794 /* Release */,
			);
			defaultConfigurationIsVisible = 0;
			defaultConfigurationName = Release;
		};
/* End XCConfigurationList section */
	};
	rootObject = 1F43EE042E06C9A000D00794 /* Project object */;
}
